<?xml version="1.0" encoding="utf-8"?>
<Project ToolsVersion="4.0" xmlns="http://schemas.microsoft.com/developer/msbuild/2003">
  <ItemGroup>
    <Filter Include="Source Files">
      <UniqueIdentifier>{4FC737F1-C7A5-4376-A066-2A32D752A2FF}</UniqueIdentifier>
      <Extensions>cpp;c;cc;cxx;c++;cppm;ixx;def;odl;idl;hpj;bat;asm;asmx</Extensions>
    </Filter>
    <Filter Include="Header Files">
      <UniqueIdentifier>{93995380-89BD-4b04-88EB-625FBE52EBFB}</UniqueIdentifier>
      <Extensions>h;hh;hpp;hxx;h++;hm;inl;inc;ipp;xsd</Extensions>
    </Filter>
    <Filter Include="Resource Files">
      <UniqueIdentifier>{67DA6AB6-F800-4c08-8B7A-83BB121AAD01}</UniqueIdentifier>
      <Extensions>rc;ico;cur;bmp;dlg;rc2;rct;bin;rgs;gif;jpg;jpeg;jpe;resx;tiff;tif;png;wav;mfcribbon-ms</Extensions>
    </Filter>
  </ItemGroup>
  <ItemGroup>
    <ClCompile Include="src\main.cpp">
      <Filter>Source Files</Filter>
    </ClCompile>
    <ClCompile Include="src\server\core\token\token.cpp">
      <Filter>Source Files</Filter>
    </ClCompile>
    <ClCompile Include="src\server\api\bapi.cpp">
      <Filter>Source Files</Filter>
    </ClCompile>
    <ClCompile Include="src\client\vfx\graphics.cpp">
      <Filter>Source Files</Filter>
    </ClCompile>
    <ClCompile Include="src\client\sys\src\dashboard.cpp">
      <Filter>Source Files</Filter>
    </ClCompile>
    <ClCompile Include="src\client\sys\src\modules.cpp">
      <Filter>Source Files</Filter>
    </ClCompile>
    <ClCompile Include="src\server\db\src\bidb.cpp">
      <Filter>Source Files</Filter>
    </ClCompile>
    <ClCompile Include="src\server\db\src\dio.cpp">
      <Filter>Source Files</Filter>
    </ClCompile>
    <ClCompile Include="src\client\util\class\frontObj.cpp">
      <Filter>Source Files</Filter>
    </ClCompile>
    <ClCompile Include="src\client\util\class\com\coordinate\coor.cpp">
      <Filter>Source Files</Filter>
    </ClCompile>
    <ClCompile Include="src\server\api\util\JSON\JSON.cpp">
      <Filter>Source Files</Filter>
    </ClCompile>
  </ItemGroup>
  <ItemGroup>
    <ClInclude Include="include\bapi.h">
      <Filter>Header Files</Filter>
    </ClInclude>
    <ClInclude Include="data\testing\test_data.h">
      <Filter>Header Files</Filter>
    </ClInclude>
    <ClInclude Include="src\server\core\token.h">
      <Filter>Header Files</Filter>
    </ClInclude>
    <ClInclude Include="src\client\cred\access.h">
      <Filter>Header Files</Filter>
    </ClInclude>
    <ClInclude Include="src\client\vfx\graphics.h">
      <Filter>Header Files</Filter>
    </ClInclude>
    <ClInclude Include="src\client\sys\modules.h">
      <Filter>Header Files</Filter>
    </ClInclude>
    <ClInclude Include="src\client\sys\dashboard.h">
      <Filter>Header Files</Filter>
    </ClInclude>
    <ClInclude Include="src\server\db\bidb.h">
      <Filter>Header Files</Filter>
    </ClInclude>
    <ClInclude Include="src\server\db\dio.h">
      <Filter>Header Files</Filter>
    </ClInclude>
    <ClInclude Include="src\client\util\class\frontObj.h">
      <Filter>Header Files</Filter>
    </ClInclude>
    <ClInclude Include="src\client\util\class\common.h">
      <Filter>Header Files</Filter>
    </ClInclude>
    <ClInclude Include="src\server\api\util\JSON.h">
      <Filter>Header Files</Filter>
    </ClInclude>
  </ItemGroup>
  <ItemGroup>
    <Image Include="Joker.ico">
      <Filter>Resource Files</Filter>
    </Image>
  </ItemGroup>
  <ItemGroup>
    <None Include="README.md" />
    <None Include="LICENSE" />
    <None Include=".gitignore" />
  </ItemGroup>
  <ItemGroup>
    <Text Include="docs\Readme.txt" />
    <Text Include="deps\deps.txt" />
    <Text Include="docs\errorCodes.txt" />
    <Text Include="src\client\util\class\user\sup\sup.txt" />
    <Text Include="src\client\util\class\user\stu\stu.txt" />
    <Text Include="src\client\util\class\user\mod\mod.txt" />
    <Text Include="src\client\util\class\user\gue\gue.txt" />
    <Text Include="src\client\util\class\user\emp\emp.txt" />
    <Text Include="src\client\util\class\user\adm\adm.txt" />
    <Text Include="src\client\util\class\sys\cyc\cyc.txt" />
    <Text Include="src\client\util\class\sys\lck\lck.txt" />
    <Text Include="src\client\util\class\sys\net\net.txt" />
    <Text Include="src\client\util\class\sys\std\std.txt" />
    <Text Include="src\client\util\class\com\address\add.txt" />
    <Text Include="src\client\util\class\com\email\email.txt" />
    <Text Include="src\client\util\class\com\name\name.txt" />
    <Text Include="src\client\util\class\com\phone\phone.txt" />
    <Text Include="docs\Rules.txt" />
  </ItemGroup>
</Project>