<?xml version="1.0" encoding="utf-8"?>
<Project ToolsVersion="4.0" xmlns="http://schemas.microsoft.com/developer/msbuild/2003">
  <ItemGroup>
    <Filter Include="Source Files">
      <UniqueIdentifier>{4FC737F1-C7A5-4376-A066-2A32D752A2FF}</UniqueIdentifier>
      <Extensions>cpp;c;cc;cxx;c++;cppm;ixx;def;odl;idl;hpj;bat;asm;asmx</Extensions>
    </Filter>
    <Filter Include="Header Files">
      <UniqueIdentifier>{93995380-89BD-4b04-88EB-625FBE52EBFB}</UniqueIdentifier>
      <Extensions>h;hh;hpp;hxx;h++;hm;inl;inc;ipp;xsd</Extensions>
    </Filter>
    <Filter Include="Test Files">
      <UniqueIdentifier>{67DA6AB6-F800-4c08-8B7A-83BB121AAD01}</UniqueIdentifier>
      <Extensions>rc;ico;cur;bmp;dlg;rc2;rct;bin;rgs;gif;jpg;jpeg;jpe;resx;tiff;tif;png;wav;mfcribbon-ms</Extensions>
    </Filter>
    <Filter Include="Resource Files">
      <UniqueIdentifier>{aced8373-8297-4ea3-9d2e-8504ead0fb1a}</UniqueIdentifier>
    </Filter>
    <Filter Include="Source Files\front">
      <UniqueIdentifier>{883f333f-fb92-41e5-8d82-a871feae9b46}</UniqueIdentifier>
    </Filter>
    <Filter Include="Source Files\back">
      <UniqueIdentifier>{eb1ec8f7-156c-4108-bd01-17d0fc9fa81d}</UniqueIdentifier>
    </Filter>
    <Filter Include="Source Files\middle">
      <UniqueIdentifier>{13b43d55-ffb1-4c53-bb28-491ac1bf606c}</UniqueIdentifier>
    </Filter>
    <Filter Include="Header Files\classes">
      <UniqueIdentifier>{ed21ce5e-0c97-40d7-894a-ab30e80b7533}</UniqueIdentifier>
    </Filter>
  </ItemGroup>
  <ItemGroup>
    <ClInclude Include="..\include\module.h">
      <Filter>Header Files</Filter>
    </ClInclude>
    <ClInclude Include="..\include\artwork.h">
      <Filter>Header Files</Filter>
    </ClInclude>
  </ItemGroup>
  <ItemGroup>
    <ClCompile Include="..\src\main.cpp">
      <Filter>Source Files</Filter>
    </ClCompile>
    <ClCompile Include="..\test\test.cpp">
      <Filter>Test Files</Filter>
    </ClCompile>
    <ClCompile Include="..\src\front\module.cpp">
      <Filter>Source Files\front</Filter>
    </ClCompile>
  </ItemGroup>
</Project>